// !$*UTF8*$!
{
	archiveVersion = 1;
	classes = {
	};
	objectVersion = 50;
	objects = {

/* Begin PBXFileReference section */
		C1EA751B21DC44320045E76E /* index.html */ = {isa = PBXFileReference; lastKnownFileType = text.html; path = index.html; sourceTree = "<group>"; };
		C1EA751C21DC458A0045E76E /* style.css */ = {isa = PBXFileReference; lastKnownFileType = text.css; path = style.css; sourceTree = "<group>"; };
		C1EA751D21DC49EC0045E76E /* h.js */ = {isa = PBXFileReference; lastKnownFileType = sourcecode.javascript; path = h.js; sourceTree = "<group>"; };
/* End PBXFileReference section */

/* Begin PBXGroup section */
		C1EA751421DC43E90045E76E = {
			isa = PBXGroup;
			children = (
				C1EA751B21DC44320045E76E /* index.html */,
				C1EA751C21DC458A0045E76E /* style.css */,
				C1EA751D21DC49EC0045E76E /* h.js */,
			);
			sourceTree = "<group>";
		};
/* End PBXGroup section */

/* Begin PBXProject section */
		C1EA751521DC43E90045E76E /* Project object */ = {
			isa = PBXProject;
			attributes = {
				LastUpgradeCheck = 1000;
			};
			buildConfigurationList = C1EA751821DC43E90045E76E /* Build configuration list for PBXProject "HTML" */;
			compatibilityVersion = "Xcode 9.3";
			developmentRegion = en;
			hasScannedForEncodings = 0;
			knownRegions = (
				en,
			);
			mainGroup = C1EA751421DC43E90045E76E;
			projectDirPath = "";
			projectRoot = "";
			targets = (
			);
		};
/* End PBXProject section */

/* Begin XCBuildConfiguration section */
		C1EA751921DC43E90045E76E /* Debug */ = {
			isa = XCBuildConfiguration;
			buildSettings = {
			};
			name = Debug;
		};
		C1EA751A21DC43E90045E76E /* Release */ = {
			isa = XCBuildConfiguration;
			buildSettings = {
			};
			name = Release;
		};
/* End XCBuildConfiguration section */

/* Begin XCConfigurationList section */
		C1EA751821DC43E90045E76E /* Build configuration list for PBXProject "HTML" */ = {
			isa = XCConfigurationList;
			buildConfigurations = (
				C1EA751921DC43E90045E76E /* Debug */,
				C1EA751A21DC43E90045E76E /* Release */,
			);
			defaultConfigurationIsVisible = 0;
			defaultConfigurationName = Release;
		};
/* End XCConfigurationList section */
	};
	rootObject = C1EA751521DC43E90045E76E /* Project object */;
}
